
Microsoft Visual Studio Solution File, Format Version 12.00
# Visual Studio Version 17
VisualStudioVersion = 17.0.31903.59
MinimumVisualStudioVersion = 10.0.40219.1
Project("{FAE04EC0-301F-11D3-BF4B-00C04F79EFBC}") = "Assignment.Server", "Assignment.Server\Assignment.Server.csproj", "{343A44BF-692B-4095-80CE-FD25624E28AD}"
EndProject
Project("{FAE04EC0-301F-11D3-BF4B-00C04F79EFBC}") = "Assignment.Client", "Assignment.Client\Assignment.Client.csproj", "{0ADDCC23-0E68-4F6D-801D-33F42763CEDF}"
EndProject
Project("{FAE04EC0-301F-11D3-BF4B-00C04F79EFBC}") = "Assignment.Shared", "Assignment.Shared\Assignment.Shared.csproj", "{424DF3E3-0168-47D2-BBCB-4F4C47C35F80}"
EndProject
Global
	GlobalSection(SolutionConfigurationPlatforms) = preSolution
		Debug|Any CPU = Debug|Any CPU
		Release|Any CPU = Release|Any CPU
	EndGlobalSection
	GlobalSection(ProjectConfigurationPlatforms) = postSolution
		{343A44BF-692B-4095-80CE-FD25624E28AD}.Debug|Any CPU.ActiveCfg = Debug|Any CPU
		{343A44BF-692B-4095-80CE-FD25624E28AD}.Debug|Any CPU.Build.0 = Debug|Any CPU
		{343A44BF-692B-4095-80CE-FD25624E28AD}.Release|Any CPU.ActiveCfg = Release|Any CPU
		{343A44BF-692B-4095-80CE-FD25624E28AD}.Release|Any CPU.Build.0 = Release|Any CPU
		{0ADDCC23-0E68-4F6D-801D-33F42763CEDF}.Debug|Any CPU.ActiveCfg = Debug|Any CPU
		{0ADDCC23-0E68-4F6D-801D-33F42763CEDF}.Debug|Any CPU.Build.0 = Debug|Any CPU
		{0ADDCC23-0E68-4F6D-801D-33F42763CEDF}.Release|Any CPU.ActiveCfg = Release|Any CPU
		{0ADDCC23-0E68-4F6D-801D-33F42763CEDF}.Release|Any CPU.Build.0 = Release|Any CPU
		{424DF3E3-0168-47D2-BBCB-4F4C47C35F80}.Debug|Any CPU.ActiveCfg = Debug|Any CPU
		{424DF3E3-0168-47D2-BBCB-4F4C47C35F80}.Debug|Any CPU.Build.0 = Debug|Any CPU
		{424DF3E3-0168-47D2-BBCB-4F4C47C35F80}.Release|Any CPU.ActiveCfg = Release|Any CPU
		{424DF3E3-0168-47D2-BBCB-4F4C47C35F80}.Release|Any CPU.Build.0 = Release|Any CPU
	EndGlobalSection
	GlobalSection(SolutionProperties) = preSolution
		HideSolutionNode = FALSE
	EndGlobalSection
	GlobalSection(ExtensibilityGlobals) = postSolution
		SolutionGuid = {E76E842A-E534-4A44-9B79-E9FEB0582BBE}
	EndGlobalSection
EndGlobal
