
Microsoft Visual Studio Solution File, Format Version 12.00
# Visual Studio Version 17
VisualStudioVersion = 17.0.31903.59
MinimumVisualStudioVersion = 10.0.40219.1
Project("{FAE04EC0-301F-11D3-BF4B-00C04F79EFBC}") = "Assignment.Server", "Assignment.Server\Assignment.Server.csproj", "{87A14476-2DB3-4209-928D-187668A3BD60}"
EndProject
Project("{FAE04EC0-301F-11D3-BF4B-00C04F79EFBC}") = "Assignment.Client", "Assignment.Client\Assignment.Client.csproj", "{9B7D33AB-5338-440A-BAD8-241FEF575EF2}"
EndProject
Global
	GlobalSection(SolutionConfigurationPlatforms) = preSolution
		Debug|Any CPU = Debug|Any CPU
		Release|Any CPU = Release|Any CPU
	EndGlobalSection
	GlobalSection(ProjectConfigurationPlatforms) = postSolution
		{87A14476-2DB3-4209-928D-187668A3BD60}.Debug|Any CPU.ActiveCfg = Debug|Any CPU
		{87A14476-2DB3-4209-928D-187668A3BD60}.Debug|Any CPU.Build.0 = Debug|Any CPU
		{87A14476-2DB3-4209-928D-187668A3BD60}.Release|Any CPU.ActiveCfg = Release|Any CPU
		{87A14476-2DB3-4209-928D-187668A3BD60}.Release|Any CPU.Build.0 = Release|Any CPU
		{9B7D33AB-5338-440A-BAD8-241FEF575EF2}.Debug|Any CPU.ActiveCfg = Debug|Any CPU
		{9B7D33AB-5338-440A-BAD8-241FEF575EF2}.Debug|Any CPU.Build.0 = Debug|Any CPU
		{9B7D33AB-5338-440A-BAD8-241FEF575EF2}.Release|Any CPU.ActiveCfg = Release|Any CPU
		{9B7D33AB-5338-440A-BAD8-241FEF575EF2}.Release|Any CPU.Build.0 = Release|Any CPU
	EndGlobalSection
	GlobalSection(SolutionProperties) = preSolution
		HideSolutionNode = FALSE
	EndGlobalSection
	GlobalSection(ExtensibilityGlobals) = postSolution
		SolutionGuid = {788EB681-4890-4D37-BFA1-095A7239C873}
	EndGlobalSection
EndGlobal
